
Microsoft Visual Studio Solution File, Format Version 12.00
# Visual Studio 15
VisualStudioVersion = 15.0.27130.2010
MinimumVisualStudioVersion = 10.0.40219.1
Project("{FAE04EC0-301F-11D3-BF4B-00C04F79EFBC}") = "CryptoManager.Android", "CryptoManager\CryptoManager.Android\CryptoManager.Android.csproj", "{7AA08422-7EB6-463E-BDE2-755DC668FB77}"
EndProject
Project("{FAE04EC0-301F-11D3-BF4B-00C04F79EFBC}") = "CryptoManager.iOS", "CryptoManager\CryptoManager.iOS\CryptoManager.iOS.csproj", "{A3BAE046-E0A3-43EA-AF58-F7CF56490340}"
EndProject
Project("{FAE04EC0-301F-11D3-BF4B-00C04F79EFBC}") = "CryptoManager.UWP", "CryptoManager\CryptoManager.UWP\CryptoManager.UWP.csproj", "{2406A3DD-3C74-4E97-978B-C9E805EE9B1F}"
EndProject
Project("{FAE04EC0-301F-11D3-BF4B-00C04F79EFBC}") = "CryptoManager", "CryptoManager\CryptoManager\CryptoManager.csproj", "{EB37EFE6-E6E6-4DB4-B901-2F42E1335C37}"
EndProject
Global
	GlobalSection(SolutionConfigurationPlatforms) = preSolution
		Ad-Hoc|Any CPU = Ad-Hoc|Any CPU
		Ad-Hoc|ARM = Ad-Hoc|ARM
		Ad-Hoc|iPhone = Ad-Hoc|iPhone
		Ad-Hoc|iPhoneSimulator = Ad-Hoc|iPhoneSimulator
		Ad-Hoc|x64 = Ad-Hoc|x64
		Ad-Hoc|x86 = Ad-Hoc|x86
		AppStore|Any CPU = AppStore|Any CPU
		AppStore|ARM = AppStore|ARM
		AppStore|iPhone = AppStore|iPhone
		AppStore|iPhoneSimulator = AppStore|iPhoneSimulator
		AppStore|x64 = AppStore|x64
		AppStore|x86 = AppStore|x86
		Debug|Any CPU = Debug|Any CPU
		Debug|ARM = Debug|ARM
		Debug|iPhone = Debug|iPhone
		Debug|iPhoneSimulator = Debug|iPhoneSimulator
		Debug|x64 = Debug|x64
		Debug|x86 = Debug|x86
		Release|Any CPU = Release|Any CPU
		Release|ARM = Release|ARM
		Release|iPhone = Release|iPhone
		Release|iPhoneSimulator = Release|iPhoneSimulator
		Release|x64 = Release|x64
		Release|x86 = Release|x86
	EndGlobalSection
	GlobalSection(ProjectConfigurationPlatforms) = postSolution
		{7AA08422-7EB6-463E-BDE2-755DC668FB77}.Ad-Hoc|Any CPU.ActiveCfg = Release|Any CPU
		{7AA08422-7EB6-463E-BDE2-755DC668FB77}.Ad-Hoc|Any CPU.Build.0 = Release|Any CPU
		{7AA08422-7EB6-463E-BDE2-755DC668FB77}.Ad-Hoc|Any CPU.Deploy.0 = Release|Any CPU
		{7AA08422-7EB6-463E-BDE2-755DC668FB77}.Ad-Hoc|ARM.ActiveCfg = Release|Any CPU
		{7AA08422-7EB6-463E-BDE2-755DC668FB77}.Ad-Hoc|ARM.Build.0 = Release|Any CPU
		{7AA08422-7EB6-463E-BDE2-755DC668FB77}.Ad-Hoc|ARM.Deploy.0 = Release|Any CPU
		{7AA08422-7EB6-463E-BDE2-755DC668FB77}.Ad-Hoc|iPhone.ActiveCfg = Release|Any CPU
		{7AA08422-7EB6-463E-BDE2-755DC668FB77}.Ad-Hoc|iPhone.Build.0 = Release|Any CPU
		{7AA08422-7EB6-463E-BDE2-755DC668FB77}.Ad-Hoc|iPhone.Deploy.0 = Release|Any CPU
		{7AA08422-7EB6-463E-BDE2-755DC668FB77}.Ad-Hoc|iPhoneSimulator.ActiveCfg = Release|Any CPU
		{7AA08422-7EB6-463E-BDE2-755DC668FB77}.Ad-Hoc|iPhoneSimulator.Build.0 = Release|Any CPU
		{7AA08422-7EB6-463E-BDE2-755DC668FB77}.Ad-Hoc|iPhoneSimulator.Deploy.0 = Release|Any CPU
		{7AA08422-7EB6-463E-BDE2-755DC668FB77}.Ad-Hoc|x64.ActiveCfg = Release|Any CPU
		{7AA08422-7EB6-463E-BDE2-755DC668FB77}.Ad-Hoc|x64.Build.0 = Release|Any CPU
		{7AA08422-7EB6-463E-BDE2-755DC668FB77}.Ad-Hoc|x64.Deploy.0 = Release|Any CPU
		{7AA08422-7EB6-463E-BDE2-755DC668FB77}.Ad-Hoc|x86.ActiveCfg = Release|Any CPU
		{7AA08422-7EB6-463E-BDE2-755DC668FB77}.Ad-Hoc|x86.Build.0 = Release|Any CPU
		{7AA08422-7EB6-463E-BDE2-755DC668FB77}.Ad-Hoc|x86.Deploy.0 = Release|Any CPU
		{7AA08422-7EB6-463E-BDE2-755DC668FB77}.AppStore|Any CPU.ActiveCfg = Release|Any CPU
		{7AA08422-7EB6-463E-BDE2-755DC668FB77}.AppStore|Any CPU.Build.0 = Release|Any CPU
		{7AA08422-7EB6-463E-BDE2-755DC668FB77}.AppStore|Any CPU.Deploy.0 = Release|Any CPU
		{7AA08422-7EB6-463E-BDE2-755DC668FB77}.AppStore|ARM.ActiveCfg = Release|Any CPU
		{7AA08422-7EB6-463E-BDE2-755DC668FB77}.AppStore|ARM.Build.0 = Release|Any CPU
		{7AA08422-7EB6-463E-BDE2-755DC668FB77}.AppStore|ARM.Deploy.0 = Release|Any CPU
		{7AA08422-7EB6-463E-BDE2-755DC668FB77}.AppStore|iPhone.ActiveCfg = Release|Any CPU
		{7AA08422-7EB6-463E-BDE2-755DC668FB77}.AppStore|iPhone.Build.0 = Release|Any CPU
		{7AA08422-7EB6-463E-BDE2-755DC668FB77}.AppStore|iPhone.Deploy.0 = Release|Any CPU
		{7AA08422-7EB6-463E-BDE2-755DC668FB77}.AppStore|iPhoneSimulator.ActiveCfg = Release|Any CPU
		{7AA08422-7EB6-463E-BDE2-755DC668FB77}.AppStore|iPhoneSimulator.Build.0 = Release|Any CPU
		{7AA08422-7EB6-463E-BDE2-755DC668FB77}.AppStore|iPhoneSimulator.Deploy.0 = Release|Any CPU
		{7AA08422-7EB6-463E-BDE2-755DC668FB77}.AppStore|x64.ActiveCfg = Release|Any CPU
		{7AA08422-7EB6-463E-BDE2-755DC668FB77}.AppStore|x64.Build.0 = Release|Any CPU
		{7AA08422-7EB6-463E-BDE2-755DC668FB77}.AppStore|x64.Deploy.0 = Release|Any CPU
		{7AA08422-7EB6-463E-BDE2-755DC668FB77}.AppStore|x86.ActiveCfg = Release|Any CPU
		{7AA08422-7EB6-463E-BDE2-755DC668FB77}.AppStore|x86.Build.0 = Release|Any CPU
		{7AA08422-7EB6-463E-BDE2-755DC668FB77}.AppStore|x86.Deploy.0 = Release|Any CPU
		{7AA08422-7EB6-463E-BDE2-755DC668FB77}.Debug|Any CPU.ActiveCfg = Debug|Any CPU
		{7AA08422-7EB6-463E-BDE2-755DC668FB77}.Debug|Any CPU.Build.0 = Debug|Any CPU
		{7AA08422-7EB6-463E-BDE2-755DC668FB77}.Debug|Any CPU.Deploy.0 = Debug|Any CPU
		{7AA08422-7EB6-463E-BDE2-755DC668FB77}.Debug|ARM.ActiveCfg = Debug|Any CPU
		{7AA08422-7EB6-463E-BDE2-755DC668FB77}.Debug|ARM.Build.0 = Debug|Any CPU
		{7AA08422-7EB6-463E-BDE2-755DC668FB77}.Debug|ARM.Deploy.0 = Debug|Any CPU
		{7AA08422-7EB6-463E-BDE2-755DC668FB77}.Debug|iPhone.ActiveCfg = Debug|Any CPU
		{7AA08422-7EB6-463E-BDE2-755DC668FB77}.Debug|iPhone.Build.0 = Debug|Any CPU
		{7AA08422-7EB6-463E-BDE2-755DC668FB77}.Debug|iPhone.Deploy.0 = Debug|Any CPU
		{7AA08422-7EB6-463E-BDE2-755DC668FB77}.Debug|iPhoneSimulator.ActiveCfg = Debug|Any CPU
		{7AA08422-7EB6-463E-BDE2-755DC668FB77}.Debug|iPhoneSimulator.Build.0 = Debug|Any CPU
		{7AA08422-7EB6-463E-BDE2-755DC668FB77}.Debug|iPhoneSimulator.Deploy.0 = Debug|Any CPU
		{7AA08422-7EB6-463E-BDE2-755DC668FB77}.Debug|x64.ActiveCfg = Debug|Any CPU
		{7AA08422-7EB6-463E-BDE2-755DC668FB77}.Debug|x64.Build.0 = Debug|Any CPU
		{7AA08422-7EB6-463E-BDE2-755DC668FB77}.Debug|x64.Deploy.0 = Debug|Any CPU
		{7AA08422-7EB6-463E-BDE2-755DC668FB77}.Debug|x86.ActiveCfg = Debug|Any CPU
		{7AA08422-7EB6-463E-BDE2-755DC668FB77}.Debug|x86.Build.0 = Debug|Any CPU
		{7AA08422-7EB6-463E-BDE2-755DC668FB77}.Debug|x86.Deploy.0 = Debug|Any CPU
		{7AA08422-7EB6-463E-BDE2-755DC668FB77}.Release|Any CPU.ActiveCfg = Release|Any CPU
		{7AA08422-7EB6-463E-BDE2-755DC668FB77}.Release|Any CPU.Build.0 = Release|Any CPU
		{7AA08422-7EB6-463E-BDE2-755DC668FB77}.Release|Any CPU.Deploy.0 = Release|Any CPU
		{7AA08422-7EB6-463E-BDE2-755DC668FB77}.Release|ARM.ActiveCfg = Release|Any CPU
		{7AA08422-7EB6-463E-BDE2-755DC668FB77}.Release|ARM.Build.0 = Release|Any CPU
		{7AA08422-7EB6-463E-BDE2-755DC668FB77}.Release|ARM.Deploy.0 = Release|Any CPU
		{7AA08422-7EB6-463E-BDE2-755DC668FB77}.Release|iPhone.ActiveCfg = Release|Any CPU
		{7AA08422-7EB6-463E-BDE2-755DC668FB77}.Release|iPhone.Build.0 = Release|Any CPU
		{7AA08422-7EB6-463E-BDE2-755DC668FB77}.Release|iPhone.Deploy.0 = Release|Any CPU
		{7AA08422-7EB6-463E-BDE2-755DC668FB77}.Release|iPhoneSimulator.ActiveCfg = Release|Any CPU
		{7AA08422-7EB6-463E-BDE2-755DC668FB77}.Release|iPhoneSimulator.Build.0 = Release|Any CPU
		{7AA08422-7EB6-463E-BDE2-755DC668FB77}.Release|iPhoneSimulator.Deploy.0 = Release|Any CPU
		{7AA08422-7EB6-463E-BDE2-755DC668FB77}.Release|x64.ActiveCfg = Release|Any CPU
		{7AA08422-7EB6-463E-BDE2-755DC668FB77}.Release|x64.Build.0 = Release|Any CPU
		{7AA08422-7EB6-463E-BDE2-755DC668FB77}.Release|x64.Deploy.0 = Release|Any CPU
		{7AA08422-7EB6-463E-BDE2-755DC668FB77}.Release|x86.ActiveCfg = Release|Any CPU
		{7AA08422-7EB6-463E-BDE2-755DC668FB77}.Release|x86.Build.0 = Release|Any CPU
		{7AA08422-7EB6-463E-BDE2-755DC668FB77}.Release|x86.Deploy.0 = Release|Any CPU
		{A3BAE046-E0A3-43EA-AF58-F7CF56490340}.Ad-Hoc|Any CPU.ActiveCfg = Ad-Hoc|iPhone
		{A3BAE046-E0A3-43EA-AF58-F7CF56490340}.Ad-Hoc|ARM.ActiveCfg = Ad-Hoc|iPhone
		{A3BAE046-E0A3-43EA-AF58-F7CF56490340}.Ad-Hoc|iPhone.ActiveCfg = Ad-Hoc|iPhone
		{A3BAE046-E0A3-43EA-AF58-F7CF56490340}.Ad-Hoc|iPhone.Build.0 = Ad-Hoc|iPhone
		{A3BAE046-E0A3-43EA-AF58-F7CF56490340}.Ad-Hoc|iPhoneSimulator.ActiveCfg = Ad-Hoc|iPhoneSimulator
		{A3BAE046-E0A3-43EA-AF58-F7CF56490340}.Ad-Hoc|iPhoneSimulator.Build.0 = Ad-Hoc|iPhoneSimulator
		{A3BAE046-E0A3-43EA-AF58-F7CF56490340}.Ad-Hoc|x64.ActiveCfg = Ad-Hoc|iPhone
		{A3BAE046-E0A3-43EA-AF58-F7CF56490340}.Ad-Hoc|x86.ActiveCfg = Ad-Hoc|iPhone
		{A3BAE046-E0A3-43EA-AF58-F7CF56490340}.AppStore|Any CPU.ActiveCfg = AppStore|iPhone
		{A3BAE046-E0A3-43EA-AF58-F7CF56490340}.AppStore|ARM.ActiveCfg = AppStore|iPhone
		{A3BAE046-E0A3-43EA-AF58-F7CF56490340}.AppStore|iPhone.ActiveCfg = AppStore|iPhone
		{A3BAE046-E0A3-43EA-AF58-F7CF56490340}.AppStore|iPhone.Build.0 = AppStore|iPhone
		{A3BAE046-E0A3-43EA-AF58-F7CF56490340}.AppStore|iPhoneSimulator.ActiveCfg = AppStore|iPhoneSimulator
		{A3BAE046-E0A3-43EA-AF58-F7CF56490340}.AppStore|iPhoneSimulator.Build.0 = AppStore|iPhoneSimulator
		{A3BAE046-E0A3-43EA-AF58-F7CF56490340}.AppStore|x64.ActiveCfg = AppStore|iPhone
		{A3BAE046-E0A3-43EA-AF58-F7CF56490340}.AppStore|x86.ActiveCfg = AppStore|iPhone
		{A3BAE046-E0A3-43EA-AF58-F7CF56490340}.Debug|Any CPU.ActiveCfg = Debug|iPhone
		{A3BAE046-E0A3-43EA-AF58-F7CF56490340}.Debug|ARM.ActiveCfg = Debug|iPhone
		{A3BAE046-E0A3-43EA-AF58-F7CF56490340}.Debug|iPhone.ActiveCfg = Debug|iPhone
		{A3BAE046-E0A3-43EA-AF58-F7CF56490340}.Debug|iPhone.Build.0 = Debug|iPhone
		{A3BAE046-E0A3-43EA-AF58-F7CF56490340}.Debug|iPhoneSimulator.ActiveCfg = Debug|iPhoneSimulator
		{A3BAE046-E0A3-43EA-AF58-F7CF56490340}.Debug|iPhoneSimulator.Build.0 = Debug|iPhoneSimulator
		{A3BAE046-E0A3-43EA-AF58-F7CF56490340}.Debug|x64.ActiveCfg = Debug|iPhone
		{A3BAE046-E0A3-43EA-AF58-F7CF56490340}.Debug|x86.ActiveCfg = Debug|iPhone
		{A3BAE046-E0A3-43EA-AF58-F7CF56490340}.Release|Any CPU.ActiveCfg = Release|iPhone
		{A3BAE046-E0A3-43EA-AF58-F7CF56490340}.Release|ARM.ActiveCfg = Release|iPhone
		{A3BAE046-E0A3-43EA-AF58-F7CF56490340}.Release|iPhone.ActiveCfg = Release|iPhone
		{A3BAE046-E0A3-43EA-AF58-F7CF56490340}.Release|iPhone.Build.0 = Release|iPhone
		{A3BAE046-E0A3-43EA-AF58-F7CF56490340}.Release|iPhoneSimulator.ActiveCfg = Release|iPhoneSimulator
		{A3BAE046-E0A3-43EA-AF58-F7CF56490340}.Release|iPhoneSimulator.Build.0 = Release|iPhoneSimulator
		{A3BAE046-E0A3-43EA-AF58-F7CF56490340}.Release|x64.ActiveCfg = Release|iPhone
		{A3BAE046-E0A3-43EA-AF58-F7CF56490340}.Release|x86.ActiveCfg = Release|iPhone
		{2406A3DD-3C74-4E97-978B-C9E805EE9B1F}.Ad-Hoc|Any CPU.ActiveCfg = Release|x86
		{2406A3DD-3C74-4E97-978B-C9E805EE9B1F}.Ad-Hoc|Any CPU.Build.0 = Release|x86
		{2406A3DD-3C74-4E97-978B-C9E805EE9B1F}.Ad-Hoc|Any CPU.Deploy.0 = Release|x86
		{2406A3DD-3C74-4E97-978B-C9E805EE9B1F}.Ad-Hoc|ARM.ActiveCfg = Release|ARM
		{2406A3DD-3C74-4E97-978B-C9E805EE9B1F}.Ad-Hoc|ARM.Build.0 = Release|ARM
		{2406A3DD-3C74-4E97-978B-C9E805EE9B1F}.Ad-Hoc|ARM.Deploy.0 = Release|ARM
		{2406A3DD-3C74-4E97-978B-C9E805EE9B1F}.Ad-Hoc|iPhone.ActiveCfg = Release|x86
		{2406A3DD-3C74-4E97-978B-C9E805EE9B1F}.Ad-Hoc|iPhone.Build.0 = Release|x86
		{2406A3DD-3C74-4E97-978B-C9E805EE9B1F}.Ad-Hoc|iPhone.Deploy.0 = Release|x86
		{2406A3DD-3C74-4E97-978B-C9E805EE9B1F}.Ad-Hoc|iPhoneSimulator.ActiveCfg = Release|x86
		{2406A3DD-3C74-4E97-978B-C9E805EE9B1F}.Ad-Hoc|iPhoneSimulator.Build.0 = Release|x86
		{2406A3DD-3C74-4E97-978B-C9E805EE9B1F}.Ad-Hoc|iPhoneSimulator.Deploy.0 = Release|x86
		{2406A3DD-3C74-4E97-978B-C9E805EE9B1F}.Ad-Hoc|x64.ActiveCfg = Release|x64
		{2406A3DD-3C74-4E97-978B-C9E805EE9B1F}.Ad-Hoc|x64.Build.0 = Release|x64
		{2406A3DD-3C74-4E97-978B-C9E805EE9B1F}.Ad-Hoc|x64.Deploy.0 = Release|x64
		{2406A3DD-3C74-4E97-978B-C9E805EE9B1F}.Ad-Hoc|x86.ActiveCfg = Release|x86
		{2406A3DD-3C74-4E97-978B-C9E805EE9B1F}.Ad-Hoc|x86.Build.0 = Release|x86
		{2406A3DD-3C74-4E97-978B-C9E805EE9B1F}.Ad-Hoc|x86.Deploy.0 = Release|x86
		{2406A3DD-3C74-4E97-978B-C9E805EE9B1F}.AppStore|Any CPU.ActiveCfg = Release|x86
		{2406A3DD-3C74-4E97-978B-C9E805EE9B1F}.AppStore|Any CPU.Build.0 = Release|x86
		{2406A3DD-3C74-4E97-978B-C9E805EE9B1F}.AppStore|Any CPU.Deploy.0 = Release|x86
		{2406A3DD-3C74-4E97-978B-C9E805EE9B1F}.AppStore|ARM.ActiveCfg = Release|ARM
		{2406A3DD-3C74-4E97-978B-C9E805EE9B1F}.AppStore|ARM.Build.0 = Release|ARM
		{2406A3DD-3C74-4E97-978B-C9E805EE9B1F}.AppStore|ARM.Deploy.0 = Release|ARM
		{2406A3DD-3C74-4E97-978B-C9E805EE9B1F}.AppStore|iPhone.ActiveCfg = Release|x86
		{2406A3DD-3C74-4E97-978B-C9E805EE9B1F}.AppStore|iPhone.Build.0 = Release|x86
		{2406A3DD-3C74-4E97-978B-C9E805EE9B1F}.AppStore|iPhone.Deploy.0 = Release|x86
		{2406A3DD-3C74-4E97-978B-C9E805EE9B1F}.AppStore|iPhoneSimulator.ActiveCfg = Release|x86
		{2406A3DD-3C74-4E97-978B-C9E805EE9B1F}.AppStore|iPhoneSimulator.Build.0 = Release|x86
		{2406A3DD-3C74-4E97-978B-C9E805EE9B1F}.AppStore|iPhoneSimulator.Deploy.0 = Release|x86
		{2406A3DD-3C74-4E97-978B-C9E805EE9B1F}.AppStore|x64.ActiveCfg = Release|x64
		{2406A3DD-3C74-4E97-978B-C9E805EE9B1F}.AppStore|x64.Build.0 = Release|x64
		{2406A3DD-3C74-4E97-978B-C9E805EE9B1F}.AppStore|x64.Deploy.0 = Release|x64
		{2406A3DD-3C74-4E97-978B-C9E805EE9B1F}.AppStore|x86.ActiveCfg = Release|x86
		{2406A3DD-3C74-4E97-978B-C9E805EE9B1F}.AppStore|x86.Build.0 = Release|x86
		{2406A3DD-3C74-4E97-978B-C9E805EE9B1F}.AppStore|x86.Deploy.0 = Release|x86
		{2406A3DD-3C74-4E97-978B-C9E805EE9B1F}.Debug|Any CPU.ActiveCfg = Debug|x86
		{2406A3DD-3C74-4E97-978B-C9E805EE9B1F}.Debug|ARM.ActiveCfg = Debug|ARM
		{2406A3DD-3C74-4E97-978B-C9E805EE9B1F}.Debug|ARM.Build.0 = Debug|ARM
		{2406A3DD-3C74-4E97-978B-C9E805EE9B1F}.Debug|ARM.Deploy.0 = Debug|ARM
		{2406A3DD-3C74-4E97-978B-C9E805EE9B1F}.Debug|iPhone.ActiveCfg = Debug|x86
		{2406A3DD-3C74-4E97-978B-C9E805EE9B1F}.Debug|iPhoneSimulator.ActiveCfg = Debug|x86
		{2406A3DD-3C74-4E97-978B-C9E805EE9B1F}.Debug|x64.ActiveCfg = Debug|x64
		{2406A3DD-3C74-4E97-978B-C9E805EE9B1F}.Debug|x64.Build.0 = Debug|x64
		{2406A3DD-3C74-4E97-978B-C9E805EE9B1F}.Debug|x64.Deploy.0 = Debug|x64
		{2406A3DD-3C74-4E97-978B-C9E805EE9B1F}.Debug|x86.ActiveCfg = Debug|x86
		{2406A3DD-3C74-4E97-978B-C9E805EE9B1F}.Debug|x86.Build.0 = Debug|x86
		{2406A3DD-3C74-4E97-978B-C9E805EE9B1F}.Debug|x86.Deploy.0 = Debug|x86
		{2406A3DD-3C74-4E97-978B-C9E805EE9B1F}.Release|Any CPU.ActiveCfg = Release|x86
		{2406A3DD-3C74-4E97-978B-C9E805EE9B1F}.Release|ARM.ActiveCfg = Release|ARM
		{2406A3DD-3C74-4E97-978B-C9E805EE9B1F}.Release|ARM.Build.0 = Release|ARM
		{2406A3DD-3C74-4E97-978B-C9E805EE9B1F}.Release|ARM.Deploy.0 = Release|ARM
		{2406A3DD-3C74-4E97-978B-C9E805EE9B1F}.Release|iPhone.ActiveCfg = Release|x86
		{2406A3DD-3C74-4E97-978B-C9E805EE9B1F}.Release|iPhoneSimulator.ActiveCfg = Release|x86
		{2406A3DD-3C74-4E97-978B-C9E805EE9B1F}.Release|x64.ActiveCfg = Release|x64
		{2406A3DD-3C74-4E97-978B-C9E805EE9B1F}.Release|x64.Build.0 = Release|x64
		{2406A3DD-3C74-4E97-978B-C9E805EE9B1F}.Release|x64.Deploy.0 = Release|x64
		{2406A3DD-3C74-4E97-978B-C9E805EE9B1F}.Release|x86.ActiveCfg = Release|x86
		{2406A3DD-3C74-4E97-978B-C9E805EE9B1F}.Release|x86.Build.0 = Release|x86
		{2406A3DD-3C74-4E97-978B-C9E805EE9B1F}.Release|x86.Deploy.0 = Release|x86
		{EB37EFE6-E6E6-4DB4-B901-2F42E1335C37}.Ad-Hoc|Any CPU.ActiveCfg = Debug|Any CPU
		{EB37EFE6-E6E6-4DB4-B901-2F42E1335C37}.Ad-Hoc|Any CPU.Build.0 = Debug|Any CPU
		{EB37EFE6-E6E6-4DB4-B901-2F42E1335C37}.Ad-Hoc|ARM.ActiveCfg = Debug|Any CPU
		{EB37EFE6-E6E6-4DB4-B901-2F42E1335C37}.Ad-Hoc|ARM.Build.0 = Debug|Any CPU
		{EB37EFE6-E6E6-4DB4-B901-2F42E1335C37}.Ad-Hoc|iPhone.ActiveCfg = Debug|Any CPU
		{EB37EFE6-E6E6-4DB4-B901-2F42E1335C37}.Ad-Hoc|iPhone.Build.0 = Debug|Any CPU
		{EB37EFE6-E6E6-4DB4-B901-2F42E1335C37}.Ad-Hoc|iPhoneSimulator.ActiveCfg = Debug|Any CPU
		{EB37EFE6-E6E6-4DB4-B901-2F42E1335C37}.Ad-Hoc|iPhoneSimulator.Build.0 = Debug|Any CPU
		{EB37EFE6-E6E6-4DB4-B901-2F42E1335C37}.Ad-Hoc|x64.ActiveCfg = Debug|Any CPU
		{EB37EFE6-E6E6-4DB4-B901-2F42E1335C37}.Ad-Hoc|x64.Build.0 = Debug|Any CPU
		{EB37EFE6-E6E6-4DB4-B901-2F42E1335C37}.Ad-Hoc|x86.ActiveCfg = Debug|Any CPU
		{EB37EFE6-E6E6-4DB4-B901-2F42E1335C37}.Ad-Hoc|x86.Build.0 = Debug|Any CPU
		{EB37EFE6-E6E6-4DB4-B901-2F42E1335C37}.AppStore|Any CPU.ActiveCfg = Debug|Any CPU
		{EB37EFE6-E6E6-4DB4-B901-2F42E1335C37}.AppStore|Any CPU.Build.0 = Debug|Any CPU
		{EB37EFE6-E6E6-4DB4-B901-2F42E1335C37}.AppStore|ARM.ActiveCfg = Debug|Any CPU
		{EB37EFE6-E6E6-4DB4-B901-2F42E1335C37}.AppStore|ARM.Build.0 = Debug|Any CPU
		{EB37EFE6-E6E6-4DB4-B901-2F42E1335C37}.AppStore|iPhone.ActiveCfg = Debug|Any CPU
		{EB37EFE6-E6E6-4DB4-B901-2F42E1335C37}.AppStore|iPhone.Build.0 = Debug|Any CPU
		{EB37EFE6-E6E6-4DB4-B901-2F42E1335C37}.AppStore|iPhoneSimulator.ActiveCfg = Debug|Any CPU
		{EB37EFE6-E6E6-4DB4-B901-2F42E1335C37}.AppStore|iPhoneSimulator.Build.0 = Debug|Any CPU
		{EB37EFE6-E6E6-4DB4-B901-2F42E1335C37}.AppStore|x64.ActiveCfg = Debug|Any CPU
		{EB37EFE6-E6E6-4DB4-B901-2F42E1335C37}.AppStore|x64.Build.0 = Debug|Any CPU
		{EB37EFE6-E6E6-4DB4-B901-2F42E1335C37}.AppStore|x86.ActiveCfg = Debug|Any CPU
		{EB37EFE6-E6E6-4DB4-B901-2F42E1335C37}.AppStore|x86.Build.0 = Debug|Any CPU
		{EB37EFE6-E6E6-4DB4-B901-2F42E1335C37}.Debug|Any CPU.ActiveCfg = Debug|Any CPU
		{EB37EFE6-E6E6-4DB4-B901-2F42E1335C37}.Debug|Any CPU.Build.0 = Debug|Any CPU
		{EB37EFE6-E6E6-4DB4-B901-2F42E1335C37}.Debug|ARM.ActiveCfg = Debug|Any CPU
		{EB37EFE6-E6E6-4DB4-B901-2F42E1335C37}.Debug|ARM.Build.0 = Debug|Any CPU
		{EB37EFE6-E6E6-4DB4-B901-2F42E1335C37}.Debug|iPhone.ActiveCfg = Debug|Any CPU
		{EB37EFE6-E6E6-4DB4-B901-2F42E1335C37}.Debug|iPhone.Build.0 = Debug|Any CPU
		{EB37EFE6-E6E6-4DB4-B901-2F42E1335C37}.Debug|iPhoneSimulator.ActiveCfg = Debug|Any CPU
		{EB37EFE6-E6E6-4DB4-B901-2F42E1335C37}.Debug|iPhoneSimulator.Build.0 = Debug|Any CPU
		{EB37EFE6-E6E6-4DB4-B901-2F42E1335C37}.Debug|x64.ActiveCfg = Debug|Any CPU
		{EB37EFE6-E6E6-4DB4-B901-2F42E1335C37}.Debug|x64.Build.0 = Debug|Any CPU
		{EB37EFE6-E6E6-4DB4-B901-2F42E1335C37}.Debug|x86.ActiveCfg = Debug|Any CPU
		{EB37EFE6-E6E6-4DB4-B901-2F42E1335C37}.Debug|x86.Build.0 = Debug|Any CPU
		{EB37EFE6-E6E6-4DB4-B901-2F42E1335C37}.Release|Any CPU.ActiveCfg = Release|Any CPU
		{EB37EFE6-E6E6-4DB4-B901-2F42E1335C37}.Release|Any CPU.Build.0 = Release|Any CPU
		{EB37EFE6-E6E6-4DB4-B901-2F42E1335C37}.Release|ARM.ActiveCfg = Release|Any CPU
		{EB37EFE6-E6E6-4DB4-B901-2F42E1335C37}.Release|ARM.Build.0 = Release|Any CPU
		{EB37EFE6-E6E6-4DB4-B901-2F42E1335C37}.Release|iPhone.ActiveCfg = Release|Any CPU
		{EB37EFE6-E6E6-4DB4-B901-2F42E1335C37}.Release|iPhone.Build.0 = Release|Any CPU
		{EB37EFE6-E6E6-4DB4-B901-2F42E1335C37}.Release|iPhoneSimulator.ActiveCfg = Release|Any CPU
		{EB37EFE6-E6E6-4DB4-B901-2F42E1335C37}.Release|iPhoneSimulator.Build.0 = Release|Any CPU
		{EB37EFE6-E6E6-4DB4-B901-2F42E1335C37}.Release|x64.ActiveCfg = Release|Any CPU
		{EB37EFE6-E6E6-4DB4-B901-2F42E1335C37}.Release|x64.Build.0 = Release|Any CPU
		{EB37EFE6-E6E6-4DB4-B901-2F42E1335C37}.Release|x86.ActiveCfg = Release|Any CPU
		{EB37EFE6-E6E6-4DB4-B901-2F42E1335C37}.Release|x86.Build.0 = Release|Any CPU
	EndGlobalSection
	GlobalSection(SolutionProperties) = preSolution
		HideSolutionNode = FALSE
	EndGlobalSection
	GlobalSection(ExtensibilityGlobals) = postSolution
		SolutionGuid = {5585188B-DC6F-4D75-9D17-9F17AFD46B49}
	EndGlobalSection
EndGlobal
